
Microsoft Visual Studio Solution File, Format Version 12.00
# Visual Studio Version 17
VisualStudioVersion = 17.3.32804.467
MinimumVisualStudioVersion = 10.0.40219.1
Project("{FAE04EC0-301F-11D3-BF4B-00C04F79EFBC}") = "Stack LiFo", "Stack LiFo\Stack LiFo.csproj", "{B0D6D342-B199-40D1-9855-DFF52A9D6D3C}"
EndProject
Global
	GlobalSection(SolutionConfigurationPlatforms) = preSolution
		Debug|Any CPU = Debug|Any CPU
		Release|Any CPU = Release|Any CPU
	EndGlobalSection
	GlobalSection(ProjectConfigurationPlatforms) = postSolution
		{B0D6D342-B199-40D1-9855-DFF52A9D6D3C}.Debug|Any CPU.ActiveCfg = Debug|Any CPU
		{B0D6D342-B199-40D1-9855-DFF52A9D6D3C}.Debug|Any CPU.Build.0 = Debug|Any CPU
		{B0D6D342-B199-40D1-9855-DFF52A9D6D3C}.Release|Any CPU.ActiveCfg = Release|Any CPU
		{B0D6D342-B199-40D1-9855-DFF52A9D6D3C}.Release|Any CPU.Build.0 = Release|Any CPU
	EndGlobalSection
	GlobalSection(SolutionProperties) = preSolution
		HideSolutionNode = FALSE
	EndGlobalSection
	GlobalSection(ExtensibilityGlobals) = postSolution
		SolutionGuid = {8990347D-E3C9-4F64-BA98-71FC1855C1AF}
	EndGlobalSection
EndGlobal
